
Microsoft Visual Studio Solution File, Format Version 12.00
# Visual Studio Version 16
VisualStudioVersion = 16.0.31112.23
MinimumVisualStudioVersion = 10.0.40219.1
Project("{FAE04EC0-301F-11D3-BF4B-00C04F79EFBC}") = "ShuffleCards", "ShuffleCards.csproj", "{95A1DF00-D97F-4A04-9A98-2C7938BB2726}"
EndProject
Global
	GlobalSection(SolutionConfigurationPlatforms) = preSolution
		Debug|Any CPU = Debug|Any CPU
		Release|Any CPU = Release|Any CPU
	EndGlobalSection
	GlobalSection(ProjectConfigurationPlatforms) = postSolution
		{95A1DF00-D97F-4A04-9A98-2C7938BB2726}.Debug|Any CPU.ActiveCfg = Debug|Any CPU
		{95A1DF00-D97F-4A04-9A98-2C7938BB2726}.Debug|Any CPU.Build.0 = Debug|Any CPU
		{95A1DF00-D97F-4A04-9A98-2C7938BB2726}.Release|Any CPU.ActiveCfg = Release|Any CPU
		{95A1DF00-D97F-4A04-9A98-2C7938BB2726}.Release|Any CPU.Build.0 = Release|Any CPU
	EndGlobalSection
	GlobalSection(SolutionProperties) = preSolution
		HideSolutionNode = FALSE
	EndGlobalSection
	GlobalSection(ExtensibilityGlobals) = postSolution
		SolutionGuid = {E6800A5D-4BE9-4C5A-B270-49F079E00413}
	EndGlobalSection
EndGlobal
